
Microsoft Visual Studio Solution File, Format Version 12.00
# Visual Studio 15
VisualStudioVersion = 15.0.28307.106
MinimumVisualStudioVersion = 10.0.40219.1
Project("{FAE04EC0-301F-11D3-BF4B-00C04F79EFBC}") = "Server", "Server\Server.csproj", "{0C0D8AF4-8E44-41BB-9C80-8C94B6FEAEC1}"
EndProject
Project("{FAE04EC0-301F-11D3-BF4B-00C04F79EFBC}") = "Client", "Client\Client.csproj", "{4E66A01A-8716-478A-A79C-B654919EDC36}"
EndProject
Project("{FAE04EC0-301F-11D3-BF4B-00C04F79EFBC}") = "Models", "Models\Models.csproj", "{DD33AF6A-07EE-45A6-868E-51BC209559F0}"
EndProject
Global
	GlobalSection(SolutionConfigurationPlatforms) = preSolution
		Debug|Any CPU = Debug|Any CPU
		Release|Any CPU = Release|Any CPU
	EndGlobalSection
	GlobalSection(ProjectConfigurationPlatforms) = postSolution
		{0C0D8AF4-8E44-41BB-9C80-8C94B6FEAEC1}.Debug|Any CPU.ActiveCfg = Debug|Any CPU
		{0C0D8AF4-8E44-41BB-9C80-8C94B6FEAEC1}.Debug|Any CPU.Build.0 = Debug|Any CPU
		{0C0D8AF4-8E44-41BB-9C80-8C94B6FEAEC1}.Release|Any CPU.ActiveCfg = Release|Any CPU
		{0C0D8AF4-8E44-41BB-9C80-8C94B6FEAEC1}.Release|Any CPU.Build.0 = Release|Any CPU
		{4E66A01A-8716-478A-A79C-B654919EDC36}.Debug|Any CPU.ActiveCfg = Debug|Any CPU
		{4E66A01A-8716-478A-A79C-B654919EDC36}.Debug|Any CPU.Build.0 = Debug|Any CPU
		{4E66A01A-8716-478A-A79C-B654919EDC36}.Release|Any CPU.ActiveCfg = Release|Any CPU
		{4E66A01A-8716-478A-A79C-B654919EDC36}.Release|Any CPU.Build.0 = Release|Any CPU
		{DD33AF6A-07EE-45A6-868E-51BC209559F0}.Debug|Any CPU.ActiveCfg = Debug|Any CPU
		{DD33AF6A-07EE-45A6-868E-51BC209559F0}.Debug|Any CPU.Build.0 = Debug|Any CPU
		{DD33AF6A-07EE-45A6-868E-51BC209559F0}.Release|Any CPU.ActiveCfg = Release|Any CPU
		{DD33AF6A-07EE-45A6-868E-51BC209559F0}.Release|Any CPU.Build.0 = Release|Any CPU
	EndGlobalSection
	GlobalSection(SolutionProperties) = preSolution
		HideSolutionNode = FALSE
	EndGlobalSection
	GlobalSection(ExtensibilityGlobals) = postSolution
		SolutionGuid = {A76AD68B-D73E-46FF-AD7E-832B0F936C07}
	EndGlobalSection
EndGlobal
